
Microsoft Visual Studio Solution File, Format Version 12.00
# Visual Studio Version 17
VisualStudioVersion = 17.4.33110.190
MinimumVisualStudioVersion = 10.0.40219.1
Project("{FAE04EC0-301F-11D3-BF4B-00C04F79EFBC}") = "EvoteAPI", "EvoteAPI\EvoteAPI.csproj", "{B3917973-9D61-412A-B7BD-048FF9E27A27}"
EndProject
Project("{FAE04EC0-301F-11D3-BF4B-00C04F79EFBC}") = "EvoteDall", "EvoteDall\EvoteDall.csproj", "{CE9A7075-4C74-4D8D-8681-E5A51989F7BE}"
EndProject
Project("{FAE04EC0-301F-11D3-BF4B-00C04F79EFBC}") = "EvoteDomain", "EvoteDomain\EvoteDomain.csproj", "{2260FB5F-6D7E-441A-AA89-76E672727644}"
EndProject
Global
	GlobalSection(SolutionConfigurationPlatforms) = preSolution
		Debug|Any CPU = Debug|Any CPU
		Release|Any CPU = Release|Any CPU
	EndGlobalSection
	GlobalSection(ProjectConfigurationPlatforms) = postSolution
		{B3917973-9D61-412A-B7BD-048FF9E27A27}.Debug|Any CPU.ActiveCfg = Debug|Any CPU
		{B3917973-9D61-412A-B7BD-048FF9E27A27}.Debug|Any CPU.Build.0 = Debug|Any CPU
		{B3917973-9D61-412A-B7BD-048FF9E27A27}.Release|Any CPU.ActiveCfg = Release|Any CPU
		{B3917973-9D61-412A-B7BD-048FF9E27A27}.Release|Any CPU.Build.0 = Release|Any CPU
		{CE9A7075-4C74-4D8D-8681-E5A51989F7BE}.Debug|Any CPU.ActiveCfg = Debug|Any CPU
		{CE9A7075-4C74-4D8D-8681-E5A51989F7BE}.Debug|Any CPU.Build.0 = Debug|Any CPU
		{CE9A7075-4C74-4D8D-8681-E5A51989F7BE}.Release|Any CPU.ActiveCfg = Release|Any CPU
		{CE9A7075-4C74-4D8D-8681-E5A51989F7BE}.Release|Any CPU.Build.0 = Release|Any CPU
		{2260FB5F-6D7E-441A-AA89-76E672727644}.Debug|Any CPU.ActiveCfg = Debug|Any CPU
		{2260FB5F-6D7E-441A-AA89-76E672727644}.Debug|Any CPU.Build.0 = Debug|Any CPU
		{2260FB5F-6D7E-441A-AA89-76E672727644}.Release|Any CPU.ActiveCfg = Release|Any CPU
		{2260FB5F-6D7E-441A-AA89-76E672727644}.Release|Any CPU.Build.0 = Release|Any CPU
	EndGlobalSection
	GlobalSection(SolutionProperties) = preSolution
		HideSolutionNode = FALSE
	EndGlobalSection
	GlobalSection(ExtensibilityGlobals) = postSolution
		SolutionGuid = {8479ADE2-4590-404B-B71F-9A0D6A5BAB4C}
	EndGlobalSection
EndGlobal
